PODS:
  - Kingfisher (8.5.0)
  - ProgressHUD (14.1.0)

DEPENDENCIES:
  - Kingfisher
  - ProgressHUD

SPEC REPOS:
  trunk:
    - Kingfisher
    - ProgressHUD

SPEC CHECKSUMS:
  Kingfisher: ff0d31a1f07bdff6a1ebb3ba08b8e6e567b6500c
  ProgressHUD: c4a55f108815c46a6bf082407d2f806840b7a869

PODFILE CHECKSUM: adeb635b1e01c3108c49a71df898f16f9cf69428

COCOAPODS: 1.16.2
